
Microsoft Visual Studio Solution File, Format Version 12.00
# Visual Studio Version 17
VisualStudioVersion = 17.5.33530.505
MinimumVisualStudioVersion = 10.0.40219.1
Project("{9A19103F-16F7-4668-BE54-9A1E7A4F7556}") = "APV.Service", "APV.Service\APV.Service.csproj", "{205009A4-9321-4FEA-9D50-B307481D6F24}"
EndProject
Project("{9A19103F-16F7-4668-BE54-9A1E7A4F7556}") = "APV.Console", "APV.Console\APV.Console.csproj", "{8A92ECEE-9ADC-46A1-8655-EDDE6112411C}"
EndProject
Project("{9A19103F-16F7-4668-BE54-9A1E7A4F7556}") = "APV.Service.Tests.Integration", "APV.Service.Tests.Integration\APV.Service.Tests.Integration.csproj", "{C2F594FF-3E75-4628-953A-6463C9EAF981}"
EndProject
Project("{9A19103F-16F7-4668-BE54-9A1E7A4F7556}") = "APV.Service.Tests.Unit", "APV.Service.Tests.Unit\APV.Service.Tests.Unit.csproj", "{13ABEC05-B0B3-4D21-B454-D1B335614E87}"
EndProject
Project("{2150E333-8FDC-42A3-9474-1A3956D46DE8}") = "Solution Items", "Solution Items", "{82527727-E89E-4DAC-BBB2-70CF226D5630}"
	ProjectSection(SolutionItems) = preProject
		docker-compose.yml = docker-compose.yml
	EndProjectSection
EndProject
Project("{9A19103F-16F7-4668-BE54-9A1E7A4F7556}") = "APV.Console.Tests.UI", "APV.Console.Tests.UI\APV.Console.Tests.UI.csproj", "{532F98EF-B3E4-4275-842B-35E9A48ED16D}"
EndProject
Project("{9A19103F-16F7-4668-BE54-9A1E7A4F7556}") = "APV.Console.Tests.Integration", "APV.Console.Tests.Integration\APV.Console.Tests.Integration.csproj", "{730316BD-CC67-406B-9CA2-57660984D070}"
EndProject
Project("{9A19103F-16F7-4668-BE54-9A1E7A4F7556}") = "APV.Console.Tests.Unit", "APV.Console.Tests.Unit\APV.Console.Tests.Unit.csproj", "{B7529A7B-8896-4874-B5B9-40F2275E48B0}"
EndProject
Global
	GlobalSection(SolutionConfigurationPlatforms) = preSolution
		Debug|Any CPU = Debug|Any CPU
		Release|Any CPU = Release|Any CPU
	EndGlobalSection
	GlobalSection(ProjectConfigurationPlatforms) = postSolution
		{205009A4-9321-4FEA-9D50-B307481D6F24}.Debug|Any CPU.ActiveCfg = Debug|Any CPU
		{205009A4-9321-4FEA-9D50-B307481D6F24}.Debug|Any CPU.Build.0 = Debug|Any CPU
		{205009A4-9321-4FEA-9D50-B307481D6F24}.Release|Any CPU.ActiveCfg = Release|Any CPU
		{205009A4-9321-4FEA-9D50-B307481D6F24}.Release|Any CPU.Build.0 = Release|Any CPU
		{8A92ECEE-9ADC-46A1-8655-EDDE6112411C}.Debug|Any CPU.ActiveCfg = Debug|Any CPU
		{8A92ECEE-9ADC-46A1-8655-EDDE6112411C}.Debug|Any CPU.Build.0 = Debug|Any CPU
		{8A92ECEE-9ADC-46A1-8655-EDDE6112411C}.Release|Any CPU.ActiveCfg = Release|Any CPU
		{8A92ECEE-9ADC-46A1-8655-EDDE6112411C}.Release|Any CPU.Build.0 = Release|Any CPU
		{C2F594FF-3E75-4628-953A-6463C9EAF981}.Debug|Any CPU.ActiveCfg = Debug|Any CPU
		{C2F594FF-3E75-4628-953A-6463C9EAF981}.Debug|Any CPU.Build.0 = Debug|Any CPU
		{C2F594FF-3E75-4628-953A-6463C9EAF981}.Release|Any CPU.ActiveCfg = Release|Any CPU
		{C2F594FF-3E75-4628-953A-6463C9EAF981}.Release|Any CPU.Build.0 = Release|Any CPU
		{13ABEC05-B0B3-4D21-B454-D1B335614E87}.Debug|Any CPU.ActiveCfg = Debug|Any CPU
		{13ABEC05-B0B3-4D21-B454-D1B335614E87}.Debug|Any CPU.Build.0 = Debug|Any CPU
		{13ABEC05-B0B3-4D21-B454-D1B335614E87}.Release|Any CPU.ActiveCfg = Release|Any CPU
		{13ABEC05-B0B3-4D21-B454-D1B335614E87}.Release|Any CPU.Build.0 = Release|Any CPU
		{532F98EF-B3E4-4275-842B-35E9A48ED16D}.Debug|Any CPU.ActiveCfg = Debug|Any CPU
		{532F98EF-B3E4-4275-842B-35E9A48ED16D}.Debug|Any CPU.Build.0 = Debug|Any CPU
		{532F98EF-B3E4-4275-842B-35E9A48ED16D}.Release|Any CPU.ActiveCfg = Release|Any CPU
		{532F98EF-B3E4-4275-842B-35E9A48ED16D}.Release|Any CPU.Build.0 = Release|Any CPU
		{730316BD-CC67-406B-9CA2-57660984D070}.Debug|Any CPU.ActiveCfg = Debug|Any CPU
		{730316BD-CC67-406B-9CA2-57660984D070}.Debug|Any CPU.Build.0 = Debug|Any CPU
		{730316BD-CC67-406B-9CA2-57660984D070}.Release|Any CPU.ActiveCfg = Release|Any CPU
		{730316BD-CC67-406B-9CA2-57660984D070}.Release|Any CPU.Build.0 = Release|Any CPU
		{B7529A7B-8896-4874-B5B9-40F2275E48B0}.Debug|Any CPU.ActiveCfg = Debug|Any CPU
		{B7529A7B-8896-4874-B5B9-40F2275E48B0}.Debug|Any CPU.Build.0 = Debug|Any CPU
		{B7529A7B-8896-4874-B5B9-40F2275E48B0}.Release|Any CPU.ActiveCfg = Release|Any CPU
		{B7529A7B-8896-4874-B5B9-40F2275E48B0}.Release|Any CPU.Build.0 = Release|Any CPU
	EndGlobalSection
	GlobalSection(SolutionProperties) = preSolution
		HideSolutionNode = FALSE
	EndGlobalSection
	GlobalSection(ExtensibilityGlobals) = postSolution
		SolutionGuid = {93A19A5D-B7EA-4578-B857-4194629AE9E8}
	EndGlobalSection
EndGlobal
